# THIS IS AN AUTOGENERATED FILE. DO NOT EDIT THIS FILE DIRECTLY.
# yarn lockfile v1


"@fearless/fearless@^0.1.0-beta.12":
  version "0.1.0-beta.12"
  resolved "https://registry.yarnpkg.com/@fearless/fearless/-/fearless-0.1.0-beta.12.tgz#0e9b12f4a2fdb26b9535294c5ccc5514c7047f1c"
  integrity sha512-Qqj/13P6qtXY/Uyoc2YO0bGMKzmh/XooqOg+m+JrJrm7cYnnZyjBP1EWLObGGSVQDbsxgk3KW/LI/5yfydKwMw==
  dependencies:
    uWebSockets.js "github:uNetworking/uWebSockets.js#v15.10.0"

"@fearless/json@^0.1.0":
  version "0.1.0"
  resolved "https://registry.yarnpkg.com/@fearless/json/-/json-0.1.0.tgz#fe2eb49c7d2ba61a421878f5c5282a3d0619a812"
  integrity sha512-34PGSvnbUV+ZyACFd26HuVd2ZkvGS9yWQ+vMUnPFSuNvgnj1KAGrHP5iCQydM+c6H1U3bt+NeMhB7Wd6/fna9w==

"uWebSockets.js@github:uNetworking/uWebSockets.js#v15.10.0":
  version "15.10.0"
  resolved "https://codeload.github.com/uNetworking/uWebSockets.js/tar.gz/db6a5f22ebb348ef328ff1fcbdc639f7bff49e11"
